
Microsoft Visual Studio Solution File, Format Version 12.00
# Visual Studio Version 17
VisualStudioVersion = 17.1.32210.238
MinimumVisualStudioVersion = 10.0.40219.1
Project("{FAE04EC0-301F-11D3-BF4B-00C04F79EFBC}") = "LogExtractor", "LogExtractor\LogExtractor.csproj", "{5EBE35C3-BEEB-4B66-B675-215C5BDDE271}"
EndProject
Global
	GlobalSection(SolutionConfigurationPlatforms) = preSolution
		Debug|Any CPU = Debug|Any CPU
		Release|Any CPU = Release|Any CPU
	EndGlobalSection
	GlobalSection(ProjectConfigurationPlatforms) = postSolution
		{5EBE35C3-BEEB-4B66-B675-215C5BDDE271}.Debug|Any CPU.ActiveCfg = Debug|Any CPU
		{5EBE35C3-BEEB-4B66-B675-215C5BDDE271}.Debug|Any CPU.Build.0 = Debug|Any CPU
		{5EBE35C3-BEEB-4B66-B675-215C5BDDE271}.Release|Any CPU.ActiveCfg = Release|Any CPU
		{5EBE35C3-BEEB-4B66-B675-215C5BDDE271}.Release|Any CPU.Build.0 = Release|Any CPU
	EndGlobalSection
	GlobalSection(SolutionProperties) = preSolution
		HideSolutionNode = FALSE
	EndGlobalSection
	GlobalSection(ExtensibilityGlobals) = postSolution
		SolutionGuid = {52AE9517-728A-4D0F-9983-4E5648351381}
	EndGlobalSection
EndGlobal
